
Microsoft Visual Studio Solution File, Format Version 12.00
# Visual Studio Version 17
VisualStudioVersion = 17.0.32014.148
MinimumVisualStudioVersion = 10.0.40219.1
Project("{9A19103F-16F7-4668-BE54-9A1E7A4F7556}") = "BankOfGringotts.Api", "src\BankOfGringotts.Api\BankOfGringotts.Api.csproj", "{631A202B-5511-4730-9388-25DAC2FB0DAE}"
EndProject
Project("{9A19103F-16F7-4668-BE54-9A1E7A4F7556}") = "BankOfGringotts.Bussiness", "src\BankOfGringotts.Bussiness\BankOfGringotts.Bussiness.csproj", "{0DB61C5F-C254-4D05-8104-8D43F293241E}"
EndProject
Project("{9A19103F-16F7-4668-BE54-9A1E7A4F7556}") = "BankOfGringotts.Common", "src\BankOfGringotts.Common\BankOfGringotts.Common.csproj", "{9C1DD214-715A-48B6-8379-68F76872BAEF}"
EndProject
Project("{9A19103F-16F7-4668-BE54-9A1E7A4F7556}") = "BankOfGringotts.Contracts", "src\BankOfGringotts.Contracts\BankOfGringotts.Contracts.csproj", "{EA9739DE-3514-4A5E-B7A2-F48C45380B28}"
EndProject
Project("{9A19103F-16F7-4668-BE54-9A1E7A4F7556}") = "BankOfGringotts.Model", "src\BankOfGringotts.Model\BankOfGringotts.Model.csproj", "{0C4CAEE3-4038-4B6C-A819-595606D9513A}"
EndProject
Project("{FAE04EC0-301F-11D3-BF4B-00C04F79EFBC}") = "BankOfGringotts.Context", "src\BankOfGringotts.Context\BankOfGringotts.Context.csproj", "{60C30541-BC83-4A53-A9B2-E517C575A1CA}"
EndProject
Global
	GlobalSection(SolutionConfigurationPlatforms) = preSolution
		Debug|Any CPU = Debug|Any CPU
		Release|Any CPU = Release|Any CPU
	EndGlobalSection
	GlobalSection(ProjectConfigurationPlatforms) = postSolution
		{631A202B-5511-4730-9388-25DAC2FB0DAE}.Debug|Any CPU.ActiveCfg = Debug|Any CPU
		{631A202B-5511-4730-9388-25DAC2FB0DAE}.Debug|Any CPU.Build.0 = Debug|Any CPU
		{631A202B-5511-4730-9388-25DAC2FB0DAE}.Release|Any CPU.ActiveCfg = Release|Any CPU
		{631A202B-5511-4730-9388-25DAC2FB0DAE}.Release|Any CPU.Build.0 = Release|Any CPU
		{0DB61C5F-C254-4D05-8104-8D43F293241E}.Debug|Any CPU.ActiveCfg = Debug|Any CPU
		{0DB61C5F-C254-4D05-8104-8D43F293241E}.Debug|Any CPU.Build.0 = Debug|Any CPU
		{0DB61C5F-C254-4D05-8104-8D43F293241E}.Release|Any CPU.ActiveCfg = Release|Any CPU
		{0DB61C5F-C254-4D05-8104-8D43F293241E}.Release|Any CPU.Build.0 = Release|Any CPU
		{9C1DD214-715A-48B6-8379-68F76872BAEF}.Debug|Any CPU.ActiveCfg = Debug|Any CPU
		{9C1DD214-715A-48B6-8379-68F76872BAEF}.Debug|Any CPU.Build.0 = Debug|Any CPU
		{9C1DD214-715A-48B6-8379-68F76872BAEF}.Release|Any CPU.ActiveCfg = Release|Any CPU
		{9C1DD214-715A-48B6-8379-68F76872BAEF}.Release|Any CPU.Build.0 = Release|Any CPU
		{EA9739DE-3514-4A5E-B7A2-F48C45380B28}.Debug|Any CPU.ActiveCfg = Debug|Any CPU
		{EA9739DE-3514-4A5E-B7A2-F48C45380B28}.Debug|Any CPU.Build.0 = Debug|Any CPU
		{EA9739DE-3514-4A5E-B7A2-F48C45380B28}.Release|Any CPU.ActiveCfg = Release|Any CPU
		{EA9739DE-3514-4A5E-B7A2-F48C45380B28}.Release|Any CPU.Build.0 = Release|Any CPU
		{0C4CAEE3-4038-4B6C-A819-595606D9513A}.Debug|Any CPU.ActiveCfg = Debug|Any CPU
		{0C4CAEE3-4038-4B6C-A819-595606D9513A}.Debug|Any CPU.Build.0 = Debug|Any CPU
		{0C4CAEE3-4038-4B6C-A819-595606D9513A}.Release|Any CPU.ActiveCfg = Release|Any CPU
		{0C4CAEE3-4038-4B6C-A819-595606D9513A}.Release|Any CPU.Build.0 = Release|Any CPU
		{60C30541-BC83-4A53-A9B2-E517C575A1CA}.Debug|Any CPU.ActiveCfg = Debug|Any CPU
		{60C30541-BC83-4A53-A9B2-E517C575A1CA}.Debug|Any CPU.Build.0 = Debug|Any CPU
		{60C30541-BC83-4A53-A9B2-E517C575A1CA}.Release|Any CPU.ActiveCfg = Release|Any CPU
		{60C30541-BC83-4A53-A9B2-E517C575A1CA}.Release|Any CPU.Build.0 = Release|Any CPU
	EndGlobalSection
	GlobalSection(SolutionProperties) = preSolution
		HideSolutionNode = FALSE
	EndGlobalSection
	GlobalSection(ExtensibilityGlobals) = postSolution
		SolutionGuid = {2CD3E7A0-ECB7-4CFE-8288-7015D2822484}
	EndGlobalSection
EndGlobal
